
Microsoft Visual Studio Solution File, Format Version 12.00
# Visual Studio Version 17
VisualStudioVersion = 17.3.32901.215
MinimumVisualStudioVersion = 10.0.40219.1
Project("{FAE04EC0-301F-11D3-BF4B-00C04F79EFBC}") = "StringManipulatorSpecFlow", "StringManipulatorSpecFlow\StringManipulatorSpecFlow.csproj", "{81CC9EF8-B62D-4D43-89F9-8E512C785E5A}"
EndProject
Project("{FAE04EC0-301F-11D3-BF4B-00C04F79EFBC}") = "StringManipulatorLib", "StringManipulatorLib\StringManipulatorLib.csproj", "{5EE7C9D2-729A-46D1-8F08-5CD59B74F4CD}"
EndProject
Global
	GlobalSection(SolutionConfigurationPlatforms) = preSolution
		Debug|Any CPU = Debug|Any CPU
		Release|Any CPU = Release|Any CPU
	EndGlobalSection
	GlobalSection(ProjectConfigurationPlatforms) = postSolution
		{81CC9EF8-B62D-4D43-89F9-8E512C785E5A}.Debug|Any CPU.ActiveCfg = Debug|Any CPU
		{81CC9EF8-B62D-4D43-89F9-8E512C785E5A}.Debug|Any CPU.Build.0 = Debug|Any CPU
		{81CC9EF8-B62D-4D43-89F9-8E512C785E5A}.Release|Any CPU.ActiveCfg = Release|Any CPU
		{81CC9EF8-B62D-4D43-89F9-8E512C785E5A}.Release|Any CPU.Build.0 = Release|Any CPU
		{5EE7C9D2-729A-46D1-8F08-5CD59B74F4CD}.Debug|Any CPU.ActiveCfg = Debug|Any CPU
		{5EE7C9D2-729A-46D1-8F08-5CD59B74F4CD}.Debug|Any CPU.Build.0 = Debug|Any CPU
		{5EE7C9D2-729A-46D1-8F08-5CD59B74F4CD}.Release|Any CPU.ActiveCfg = Release|Any CPU
		{5EE7C9D2-729A-46D1-8F08-5CD59B74F4CD}.Release|Any CPU.Build.0 = Release|Any CPU
	EndGlobalSection
	GlobalSection(SolutionProperties) = preSolution
		HideSolutionNode = FALSE
	EndGlobalSection
	GlobalSection(ExtensibilityGlobals) = postSolution
		SolutionGuid = {D6D852E7-ED11-4DB0-B827-31D62C52367D}
	EndGlobalSection
EndGlobal
